
Microsoft Visual Studio Solution File, Format Version 12.00
# Visual Studio Version 16
VisualStudioVersion = 16.0.30413.136
MinimumVisualStudioVersion = 10.0.40219.1
Project("{9A19103F-16F7-4668-BE54-9A1E7A4F7556}") = "SbslFileTransformer", "SbslFileTransformer\SbslFileTransformer.csproj", "{7E9F9300-6F64-4C70-9583-D648D558C433}"
EndProject
Project("{9A19103F-16F7-4668-BE54-9A1E7A4F7556}") = "Licensing", "Licensing\Licensing.csproj", "{A10D01EB-E9B5-4B85-9176-24A948B070B8}"
EndProject
Project("{FAE04EC0-301F-11D3-BF4B-00C04F79EFBC}") = "MigrateDatabase", "MigrateDatabase\MigrateDatabase.csproj", "{ACB721EF-7DDD-48CE-962D-A8DCE4AED97B}"
EndProject
Project("{FAE04EC0-301F-11D3-BF4B-00C04F79EFBC}") = "SbslServiceManager", "SbslServiceManager\SbslServiceManager.csproj", "{CFEA3F9D-18D9-4354-B0E6-5B0997733F90}"
EndProject
Global
	GlobalSection(SolutionConfigurationPlatforms) = preSolution
		Debug|Any CPU = Debug|Any CPU
		Debug|x86 = Debug|x86
		Release|Any CPU = Release|Any CPU
		Release|x86 = Release|x86
	EndGlobalSection
	GlobalSection(ProjectConfigurationPlatforms) = postSolution
		{7E9F9300-6F64-4C70-9583-D648D558C433}.Debug|Any CPU.ActiveCfg = Debug|Any CPU
		{7E9F9300-6F64-4C70-9583-D648D558C433}.Debug|Any CPU.Build.0 = Debug|Any CPU
		{7E9F9300-6F64-4C70-9583-D648D558C433}.Debug|x86.ActiveCfg = Debug|Any CPU
		{7E9F9300-6F64-4C70-9583-D648D558C433}.Debug|x86.Build.0 = Debug|Any CPU
		{7E9F9300-6F64-4C70-9583-D648D558C433}.Release|Any CPU.ActiveCfg = Release|Any CPU
		{7E9F9300-6F64-4C70-9583-D648D558C433}.Release|Any CPU.Build.0 = Release|Any CPU
		{7E9F9300-6F64-4C70-9583-D648D558C433}.Release|x86.ActiveCfg = Release|Any CPU
		{7E9F9300-6F64-4C70-9583-D648D558C433}.Release|x86.Build.0 = Release|Any CPU
		{A10D01EB-E9B5-4B85-9176-24A948B070B8}.Debug|Any CPU.ActiveCfg = Debug|Any CPU
		{A10D01EB-E9B5-4B85-9176-24A948B070B8}.Debug|Any CPU.Build.0 = Debug|Any CPU
		{A10D01EB-E9B5-4B85-9176-24A948B070B8}.Debug|x86.ActiveCfg = Debug|Any CPU
		{A10D01EB-E9B5-4B85-9176-24A948B070B8}.Debug|x86.Build.0 = Debug|Any CPU
		{A10D01EB-E9B5-4B85-9176-24A948B070B8}.Release|Any CPU.ActiveCfg = Release|Any CPU
		{A10D01EB-E9B5-4B85-9176-24A948B070B8}.Release|Any CPU.Build.0 = Release|Any CPU
		{A10D01EB-E9B5-4B85-9176-24A948B070B8}.Release|x86.ActiveCfg = Release|Any CPU
		{A10D01EB-E9B5-4B85-9176-24A948B070B8}.Release|x86.Build.0 = Release|Any CPU
		{ACB721EF-7DDD-48CE-962D-A8DCE4AED97B}.Debug|Any CPU.ActiveCfg = Debug|Any CPU
		{ACB721EF-7DDD-48CE-962D-A8DCE4AED97B}.Debug|Any CPU.Build.0 = Debug|Any CPU
		{ACB721EF-7DDD-48CE-962D-A8DCE4AED97B}.Debug|x86.ActiveCfg = Debug|Any CPU
		{ACB721EF-7DDD-48CE-962D-A8DCE4AED97B}.Debug|x86.Build.0 = Debug|Any CPU
		{ACB721EF-7DDD-48CE-962D-A8DCE4AED97B}.Release|Any CPU.ActiveCfg = Release|Any CPU
		{ACB721EF-7DDD-48CE-962D-A8DCE4AED97B}.Release|Any CPU.Build.0 = Release|Any CPU
		{ACB721EF-7DDD-48CE-962D-A8DCE4AED97B}.Release|x86.ActiveCfg = Release|Any CPU
		{ACB721EF-7DDD-48CE-962D-A8DCE4AED97B}.Release|x86.Build.0 = Release|Any CPU
		{CFEA3F9D-18D9-4354-B0E6-5B0997733F90}.Debug|Any CPU.ActiveCfg = Debug|Any CPU
		{CFEA3F9D-18D9-4354-B0E6-5B0997733F90}.Debug|Any CPU.Build.0 = Debug|Any CPU
		{CFEA3F9D-18D9-4354-B0E6-5B0997733F90}.Debug|x86.ActiveCfg = Debug|Any CPU
		{CFEA3F9D-18D9-4354-B0E6-5B0997733F90}.Debug|x86.Build.0 = Debug|Any CPU
		{CFEA3F9D-18D9-4354-B0E6-5B0997733F90}.Release|Any CPU.ActiveCfg = Release|Any CPU
		{CFEA3F9D-18D9-4354-B0E6-5B0997733F90}.Release|Any CPU.Build.0 = Release|Any CPU
		{CFEA3F9D-18D9-4354-B0E6-5B0997733F90}.Release|x86.ActiveCfg = Release|Any CPU
		{CFEA3F9D-18D9-4354-B0E6-5B0997733F90}.Release|x86.Build.0 = Release|Any CPU
	EndGlobalSection
	GlobalSection(SolutionProperties) = preSolution
		HideSolutionNode = FALSE
	EndGlobalSection
	GlobalSection(ExtensibilityGlobals) = postSolution
		SolutionGuid = {1515438F-C5CA-4C70-A45E-4B2B2E4FB251}
	EndGlobalSection
EndGlobal
